{
  "lockVersion": 1,
  "packages": {
    "sdl": {
      "url": "github.com/milo-language/milo-sdl",
      "version": "v0.3.0",
      "commit": "c573033f44dfd5cf38266adffcf5f27bb6830d33",
      "hash": "sha256:65729874f7bfd69a8615df3650c9ba17002590fdde0433be1aa45d0e2f7234d1",
      "deps": []
    }
  }
}
